
Microsoft Visual Studio Solution File, Format Version 12.00
# Visual Studio Version 16
VisualStudioVersion = 16.0.31005.135
MinimumVisualStudioVersion = 10.0.40219.1
Project("{FAE04EC0-301F-11D3-BF4B-00C04F79EFBC}") = "BlazorApp1.Server", "BlazorApp1\Server\BlazorApp1.Server.csproj", "{DC1C8762-CBED-4811-9113-78DF69D9C407}"
EndProject
Project("{FAE04EC0-301F-11D3-BF4B-00C04F79EFBC}") = "BlazorApp1.Client", "BlazorApp1\Client\BlazorApp1.Client.csproj", "{8DBEDAE3-4D56-4138-BE0F-92B8F1CD603D}"
EndProject
Project("{FAE04EC0-301F-11D3-BF4B-00C04F79EFBC}") = "BlazorApp1.Shared", "BlazorApp1\Shared\BlazorApp1.Shared.csproj", "{AB7A4C52-EACB-4528-84A0-47E9D0241840}"
EndProject
Global
	GlobalSection(SolutionConfigurationPlatforms) = preSolution
		Debug|Any CPU = Debug|Any CPU
		Release|Any CPU = Release|Any CPU
	EndGlobalSection
	GlobalSection(ProjectConfigurationPlatforms) = postSolution
		{DC1C8762-CBED-4811-9113-78DF69D9C407}.Debug|Any CPU.ActiveCfg = Debug|Any CPU
		{DC1C8762-CBED-4811-9113-78DF69D9C407}.Debug|Any CPU.Build.0 = Debug|Any CPU
		{DC1C8762-CBED-4811-9113-78DF69D9C407}.Release|Any CPU.ActiveCfg = Release|Any CPU
		{DC1C8762-CBED-4811-9113-78DF69D9C407}.Release|Any CPU.Build.0 = Release|Any CPU
		{8DBEDAE3-4D56-4138-BE0F-92B8F1CD603D}.Debug|Any CPU.ActiveCfg = Debug|Any CPU
		{8DBEDAE3-4D56-4138-BE0F-92B8F1CD603D}.Debug|Any CPU.Build.0 = Debug|Any CPU
		{8DBEDAE3-4D56-4138-BE0F-92B8F1CD603D}.Release|Any CPU.ActiveCfg = Release|Any CPU
		{8DBEDAE3-4D56-4138-BE0F-92B8F1CD603D}.Release|Any CPU.Build.0 = Release|Any CPU
		{AB7A4C52-EACB-4528-84A0-47E9D0241840}.Debug|Any CPU.ActiveCfg = Debug|Any CPU
		{AB7A4C52-EACB-4528-84A0-47E9D0241840}.Debug|Any CPU.Build.0 = Debug|Any CPU
		{AB7A4C52-EACB-4528-84A0-47E9D0241840}.Release|Any CPU.ActiveCfg = Release|Any CPU
		{AB7A4C52-EACB-4528-84A0-47E9D0241840}.Release|Any CPU.Build.0 = Release|Any CPU
	EndGlobalSection
	GlobalSection(SolutionProperties) = preSolution
		HideSolutionNode = FALSE
	EndGlobalSection
	GlobalSection(ExtensibilityGlobals) = postSolution
		SolutionGuid = {A5419E6D-FE07-4E01-96D9-A6B3688AC6B2}
	EndGlobalSection
EndGlobal
